// !$*UTF8*$!
{
	archiveVersion = 1;
	classes = {
	};
	objectVersion = 46;
	objects = {

/* Begin PBXBuildFile section */
		AFDDE5291AD9999A0011F519 /* AppDelegate.swift in Sources */ = {isa = PBXBuildFile; fileRef = AFDDE5281AD9999A0011F519 /* AppDelegate.swift */; };
		AFDDE52B1AD9999A0011F519 /* ViewController.swift in Sources */ = {isa = PBXBuildFile; fileRef = AFDDE52A1AD9999A0011F519 /* ViewController.swift */; };
		AFDDE52E1AD9999A0011F519 /* Main.storyboard in Resources */ = {isa = PBXBuildFile; fileRef = AFDDE52C1AD9999A0011F519 /* Main.storyboard */; };
		AFDDE5301AD9999A0011F519 /* Images.xcassets in Resources */ = {isa = PBXBuildFile; fileRef = AFDDE52F1AD9999A0011F519 /* Images.xcassets */; };
		AFDDE5331AD9999A0011F519 /* LaunchScreen.xib in Resources */ = {isa = PBXBuildFile; fileRef = AFDDE5311AD9999A0011F519 /* LaunchScreen.xib */; };
		AFDDE53F1AD9999A0011F519 /* StormyTests.swift in Sources */ = {isa = PBXBuildFile; fileRef = AFDDE53E1AD9999A0011F519 /* StormyTests.swift */; };
/* End PBXBuildFile section */

/* Begin PBXContainerItemProxy section */
		AFDDE5391AD9999A0011F519 /* PBXContainerItemProxy */ = {
			isa = PBXContainerItemProxy;
			containerPortal = AFDDE51B1AD9999A0011F519 /* Project object */;
			proxyType = 1;
			remoteGlobalIDString = AFDDE5221AD9999A0011F519;
			remoteInfo = Stormy;
		};
/* End PBXContainerItemProxy section */

/* Begin PBXFileReference section */
		AFDDE5231AD9999A0011F519 /* Stormy.app */ = {isa = PBXFileReference; explicitFileType = wrapper.application; includeInIndex = 0; path = Stormy.app; sourceTree = BUILT_PRODUCTS_DIR; };
		AFDDE5271AD9999A0011F519 /* Info.plist */ = {isa = PBXFileReference; lastKnownFileType = text.plist.xml; path = Info.plist; sourceTree = "<group>"; };
		AFDDE5281AD9999A0011F519 /* AppDelegate.swift */ = {isa = PBXFileReference; lastKnownFileType = sourcecode.swift; path = AppDelegate.swift; sourceTree = "<group>"; };
		AFDDE52A1AD9999A0011F519 /* ViewController.swift */ = {isa = PBXFileReference; lastKnownFileType = sourcecode.swift; path = ViewController.swift; sourceTree = "<group>"; };
		AFDDE52D1AD9999A0011F519 /* Base */ = {isa = PBXFileReference; lastKnownFileType = file.storyboard; name = Base; path = Base.lproj/Main.storyboard; sourceTree = "<group>"; };
		AFDDE52F1AD9999A0011F519 /* Images.xcassets */ = {isa = PBXFileReference; lastKnownFileType = folder.assetcatalog; path = Images.xcassets; sourceTree = "<group>"; };
		AFDDE5321AD9999A0011F519 /* Base */ = {isa = PBXFileReference; lastKnownFileType = file.xib; name = Base; path = Base.lproj/LaunchScreen.xib; sourceTree = "<group>"; };
		AFDDE5381AD9999A0011F519 /* StormyTests.xctest */ = {isa = PBXFileReference; explicitFileType = wrapper.cfbundle; includeInIndex = 0; path = StormyTests.xctest; sourceTree = BUILT_PRODUCTS_DIR; };
		AFDDE53D1AD9999A0011F519 /* Info.plist */ = {isa = PBXFileReference; lastKnownFileType = text.plist.xml; path = Info.plist; sourceTree = "<group>"; };
		AFDDE53E1AD9999A0011F519 /* StormyTests.swift */ = {isa = PBXFileReference; lastKnownFileType = sourcecode.swift; path = StormyTests.swift; sourceTree = "<group>"; };
/* End PBXFileReference section */

/* Begin PBXFrameworksBuildPhase section */
		AFDDE5201AD9999A0011F519 /* Frameworks */ = {
			isa = PBXFrameworksBuildPhase;
			buildActionMask = 2147483647;
			files = (
			);
			runOnlyForDeploymentPostprocessing = 0;
		};
		AFDDE5351AD9999A0011F519 /* Frameworks */ = {
			isa = PBXFrameworksBuildPhase;
			buildActionMask = 2147483647;
			files = (
			);
			runOnlyForDeploymentPostprocessing = 0;
		};
/* End PBXFrameworksBuildPhase section */

/* Begin PBXGroup section */
		AFDDE51A1AD9999A0011F519 = {
			isa = PBXGroup;
			children = (
				AFDDE5251AD9999A0011F519 /* Stormy */,
				AFDDE53B1AD9999A0011F519 /* StormyTests */,
				AFDDE5241AD9999A0011F519 /* Products */,
			);
			sourceTree = "<group>";
		};
		AFDDE5241AD9999A0011F519 /* Products */ = {
			isa = PBXGroup;
			children = (
				AFDDE5231AD9999A0011F519 /* Stormy.app */,
				AFDDE5381AD9999A0011F519 /* StormyTests.xctest */,
			);
			name = Products;
			sourceTree = "<group>";
		};
		AFDDE5251AD9999A0011F519 /* Stormy */ = {
			isa = PBXGroup;
			children = (
				AFDDE5281AD9999A0011F519 /* AppDelegate.swift */,
				AFDDE52A1AD9999A0011F519 /* ViewController.swift */,
				AFDDE52C1AD9999A0011F519 /* Main.storyboard */,
				AFDDE52F1AD9999A0011F519 /* Images.xcassets */,
				AFDDE5311AD9999A0011F519 /* LaunchScreen.xib */,
				AFDDE5261AD9999A0011F519 /* Supporting Files */,
			);
			path = Stormy;
			sourceTree = "<group>";
		};
		AFDDE5261AD9999A0011F519 /* Supporting Files */ = {
			isa = PBXGroup;
			children = (
				AFDDE5271AD9999A0011F519 /* Info.plist */,
			);
			name = "Supporting Files";
			sourceTree = "<group>";
		};
		AFDDE53B1AD9999A0011F519 /* StormyTests */ = {
			isa = PBXGroup;
			children = (
				AFDDE53E1AD9999A0011F519 /* StormyTests.swift */,
				AFDDE53C1AD9999A0011F519 /* Supporting Files */,
			);
			path = StormyTests;
			sourceTree = "<group>";
		};
		AFDDE53C1AD9999A0011F519 /* Supporting Files */ = {
			isa = PBXGroup;
			children = (
				AFDDE53D1AD9999A0011F519 /* Info.plist */,
			);
			name = "Supporting Files";
			sourceTree = "<group>";
		};
/* End PBXGroup section */

/* Begin PBXNativeTarget section */
		AFDDE5221AD9999A0011F519 /* Stormy */ = {
			isa = PBXNativeTarget;
			buildConfigurationList = AFDDE5421AD9999A0011F519 /* Build configuration list for PBXNativeTarget "Stormy" */;
			buildPhases = (
				AFDDE51F1AD9999A0011F519 /* Sources */,
				AFDDE5201AD9999A0011F519 /* Frameworks */,
				AFDDE5211AD9999A0011F519 /* Resources */,
			);
			buildRules = (
			);
			dependencies = (
			);
			name = Stormy;
			productName = Stormy;
			productReference = AFDDE5231AD9999A0011F519 /* Stormy.app */;
			productType = "com.apple.product-type.application";
		};
		AFDDE5371AD9999A0011F519 /* StormyTests */ = {
			isa = PBXNativeTarget;
			buildConfigurationList = AFDDE5451AD9999A0011F519 /* Build configuration list for PBXNativeTarget "StormyTests" */;
			buildPhases = (
				AFDDE5341AD9999A0011F519 /* Sources */,
				AFDDE5351AD9999A0011F519 /* Frameworks */,
				AFDDE5361AD9999A0011F519 /* Resources */,
			);
			buildRules = (
			);
			dependencies = (
				AFDDE53A1AD9999A0011F519 /* PBXTargetDependency */,
			);
			name = StormyTests;
			productName = StormyTests;
			productReference = AFDDE5381AD9999A0011F519 /* StormyTests.xctest */;
			productType = "com.apple.product-type.bundle.unit-test";
		};
/* End PBXNativeTarget section */

/* Begin PBXProject section */
		AFDDE51B1AD9999A0011F519 /* Project object */ = {
			isa = PBXProject;
			attributes = {
				LastUpgradeCheck = 0630;
				ORGANIZATIONNAME = Automatt;
				TargetAttributes = {
					AFDDE5221AD9999A0011F519 = {
						CreatedOnToolsVersion = 6.3;
					};
					AFDDE5371AD9999A0011F519 = {
						CreatedOnToolsVersion = 6.3;
						TestTargetID = AFDDE5221AD9999A0011F519;
					};
				};
			};
			buildConfigurationList = AFDDE51E1AD9999A0011F519 /* Build configuration list for PBXProject "Stormy" */;
			compatibilityVersion = "Xcode 3.2";
			developmentRegion = English;
			hasScannedForEncodings = 0;
			knownRegions = (
				en,
				Base,
			);
			mainGroup = AFDDE51A1AD9999A0011F519;
			productRefGroup = AFDDE5241AD9999A0011F519 /* Products */;
			projectDirPath = "";
			projectRoot = "";
			targets = (
				AFDDE5221AD9999A0011F519 /* Stormy */,
				AFDDE5371AD9999A0011F519 /* StormyTests */,
			);
		};
/* End PBXProject section */

/* Begin PBXResourcesBuildPhase section */
		AFDDE5211AD9999A0011F519 /* Resources */ = {
			isa = PBXResourcesBuildPhase;
			buildActionMask = 2147483647;
			files = (
				AFDDE52E1AD9999A0011F519 /* Main.storyboard in Resources */,
				AFDDE5331AD9999A0011F519 /* LaunchScreen.xib in Resources */,
				AFDDE5301AD9999A0011F519 /* Images.xcassets in Resources */,
			);
			runOnlyForDeploymentPostprocessing = 0;
		};
		AFDDE5361AD9999A0011F519 /* Resources */ = {
			isa = PBXResourcesBuildPhase;
			buildActionMask = 2147483647;
			files = (
			);
			runOnlyForDeploymentPostprocessing = 0;
		};
/* End PBXResourcesBuildPhase section */

/* Begin PBXSourcesBuildPhase section */
		AFDDE51F1AD9999A0011F519 /* Sources */ = {
			isa = PBXSourcesBuildPhase;
			buildActionMask = 2147483647;
			files = (
				AFDDE52B1AD9999A0011F519 /* ViewController.swift in Sources */,
				AFDDE5291AD9999A0011F519 /* AppDelegate.swift in Sources */,
			);
			runOnlyForDeploymentPostprocessing = 0;
		};
		AFDDE5341AD9999A0011F519 /* Sources */ = {
			isa = PBXSourcesBuildPhase;
			buildActionMask = 2147483647;
			files = (
				AFDDE53F1AD9999A0011F519 /* StormyTests.swift in Sources */,
			);
			runOnlyForDeploymentPostprocessing = 0;
		};
/* End PBXSourcesBuildPhase section */

/* Begin PBXTargetDependency section */
		AFDDE53A1AD9999A0011F519 /* PBXTargetDependency */ = {
			isa = PBXTargetDependency;
			target = AFDDE5221AD9999A0011F519 /* Stormy */;
			targetProxy = AFDDE5391AD9999A0011F519 /* PBXContainerItemProxy */;
		};
/* End PBXTargetDependency section */

/* Begin PBXVariantGroup section */
		AFDDE52C1AD9999A0011F519 /* Main.storyboard */ = {
			isa = PBXVariantGroup;
			children = (
				AFDDE52D1AD9999A0011F519 /* Base */,
			);
			name = Main.storyboard;
			sourceTree = "<group>";
		};
		AFDDE5311AD9999A0011F519 /* LaunchScreen.xib */ = {
			isa = PBXVariantGroup;
			children = (
				AFDDE5321AD9999A0011F519 /* Base */,
			);
			name = LaunchScreen.xib;
			sourceTree = "<group>";
		};
/* End PBXVariantGroup section */

/* Begin XCBuildConfiguration section */
		AFDDE5401AD9999A0011F519 /* Debug */ = {
			isa = XCBuildConfiguration;
			buildSettings = {
				ALWAYS_SEARCH_USER_PATHS = NO;
				CLANG_CXX_LANGUAGE_STANDARD = "gnu++0x";
				CLANG_CXX_LIBRARY = "libc++";
				CLANG_ENABLE_MODULES = YES;
				CLANG_ENABLE_OBJC_ARC = YES;
				CLANG_WARN_BOOL_CONVERSION = YES;
				CLANG_WARN_CONSTANT_CONVERSION = YES;
				CLANG_WARN_DIRECT_OBJC_ISA_USAGE = YES_ERROR;
				CLANG_WARN_EMPTY_BODY = YES;
				CLANG_WARN_ENUM_CONVERSION = YES;
				CLANG_WARN_INT_CONVERSION = YES;
				CLANG_WARN_OBJC_ROOT_CLASS = YES_ERROR;
				CLANG_WARN_UNREACHABLE_CODE = YES;
				CLANG_WARN__DUPLICATE_METHOD_MATCH = YES;
				"CODE_SIGN_IDENTITY[sdk=iphoneos*]" = "iPhone Developer";
				COPY_PHASE_STRIP = NO;
				DEBUG_INFORMATION_FORMAT = "dwarf-with-dsym";
				ENABLE_STRICT_OBJC_MSGSEND = YES;
				GCC_C_LANGUAGE_STANDARD = gnu99;
				GCC_DYNAMIC_NO_PIC = NO;
				GCC_NO_COMMON_BLOCKS = YES;
				GCC_OPTIMIZATION_LEVEL = 0;
				GCC_PREPROCESSOR_DEFINITIONS = (
					"DEBUG=1",
					"$(inherited)",
				);
				GCC_SYMBOLS_PRIVATE_EXTERN = NO;
				GCC_WARN_64_TO_32_BIT_CONVERSION = YES;
				GCC_WARN_ABOUT_RETURN_TYPE = YES_ERROR;
				GCC_WARN_UNDECLARED_SELECTOR = YES;
				GCC_WARN_UNINITIALIZED_AUTOS = YES_AGGRESSIVE;
				GCC_WARN_UNUSED_FUNCTION = YES;
				GCC_WARN_UNUSED_VARIABLE = YES;
				IPHONEOS_DEPLOYMENT_TARGET = 8.3;
				MTL_ENABLE_DEBUG_INFO = YES;
				ONLY_ACTIVE_ARCH = YES;
				SDKROOT = iphoneos;
				SWIFT_OPTIMIZATION_LEVEL = "-Onone";
			};
			name = Debug;
		};
		AFDDE5411AD9999A0011F519 /* Release */ = {
			isa = XCBuildConfiguration;
			buildSettings = {
				ALWAYS_SEARCH_USER_PATHS = NO;
				CLANG_CXX_LANGUAGE_STANDARD = "gnu++0x";
				CLANG_CXX_LIBRARY = "libc++";
				CLANG_ENABLE_MODULES = YES;
				CLANG_ENABLE_OBJC_ARC = YES;
				CLANG_WARN_BOOL_CONVERSION = YES;
				CLANG_WARN_CONSTANT_CONVERSION = YES;
				CLANG_WARN_DIRECT_OBJC_ISA_USAGE = YES_ERROR;
				CLANG_WARN_EMPTY_BODY = YES;
				CLANG_WARN_ENUM_CONVERSION = YES;
				CLANG_WARN_INT_CONVERSION = YES;
				CLANG_WARN_OBJC_ROOT_CLASS = YES_ERROR;
				CLANG_WARN_UNREACHABLE_CODE = YES;
				CLANG_WARN__DUPLICATE_METHOD_MATCH = YES;
				"CODE_SIGN_IDENTITY[sdk=iphoneos*]" = "iPhone Developer";
				COPY_PHASE_STRIP = NO;
				DEBUG_INFORMATION_FORMAT = "dwarf-with-dsym";
				ENABLE_NS_ASSERTIONS = NO;
				ENABLE_STRICT_OBJC_MSGSEND = YES;
				GCC_C_LANGUAGE_STANDARD = gnu99;
				GCC_NO_COMMON_BLOCKS = YES;
				GCC_WARN_64_TO_32_BIT_CONVERSION = YES;
				GCC_WARN_ABOUT_RETURN_TYPE = YES_ERROR;
				GCC_WARN_UNDECLARED_SELECTOR = YES;
				GCC_WARN_UNINITIALIZED_AUTOS = YES_AGGRESSIVE;
				GCC_WARN_UNUSED_FUNCTION = YES;
				GCC_WARN_UNUSED_VARIABLE = YES;
				IPHONEOS_DEPLOYMENT_TARGET = 8.3;
				MTL_ENABLE_DEBUG_INFO = NO;
				SDKROOT = iphoneos;
				VALIDATE_PRODUCT = YES;
			};
			name = Release;
		};
		AFDDE5431AD9999A0011F519 /* Debug */ = {
			isa = XCBuildConfiguration;
			buildSettings = {
				ASSETCATALOG_COMPILER_APPICON_NAME = AppIcon;
				INFOPLIST_FILE = Stormy/Info.plist;
				LD_RUNPATH_SEARCH_PATHS = "$(inherited) @executable_path/Frameworks";
				PRODUCT_NAME = "$(TARGET_NAME)";
			};
			name = Debug;
		};
		AFDDE5441AD9999A0011F519 /* Release */ = {
			isa = XCBuildConfiguration;
			buildSettings = {
				ASSETCATALOG_COMPILER_APPICON_NAME = AppIcon;
				INFOPLIST_FILE = Stormy/Info.plist;
				LD_RUNPATH_SEARCH_PATHS = "$(inherited) @executable_path/Frameworks";
				PRODUCT_NAME = "$(TARGET_NAME)";
			};
			name = Release;
		};
		AFDDE5461AD9999A0011F519 /* Debug */ = {
			isa = XCBuildConfiguration;
			buildSettings = {
				BUNDLE_LOADER = "$(TEST_HOST)";
				FRAMEWORK_SEARCH_PATHS = (
					"$(SDKROOT)/Developer/Library/Frameworks",
					"$(inherited)",
				);
				GCC_PREPROCESSOR_DEFINITIONS = (
					"DEBUG=1",
					"$(inherited)",
				);
				INFOPLIST_FILE = StormyTests/Info.plist;
				LD_RUNPATH_SEARCH_PATHS = "$(inherited) @executable_path/Frameworks @loader_path/Frameworks";
				PRODUCT_NAME = "$(TARGET_NAME)";
				TEST_HOST = "$(BUILT_PRODUCTS_DIR)/Stormy.app/Stormy";
			};
			name = Debug;
		};
		AFDDE5471AD9999A0011F519 /* Release */ = {
			isa = XCBuildConfiguration;
			buildSettings = {
				BUNDLE_LOADER = "$(TEST_HOST)";
				FRAMEWORK_SEARCH_PATHS = (
					"$(SDKROOT)/Developer/Library/Frameworks",
					"$(inherited)",
				);
				INFOPLIST_FILE = StormyTests/Info.plist;
				LD_RUNPATH_SEARCH_PATHS = "$(inherited) @executable_path/Frameworks @loader_path/Frameworks";
				PRODUCT_NAME = "$(TARGET_NAME)";
				TEST_HOST = "$(BUILT_PRODUCTS_DIR)/Stormy.app/Stormy";
			};
			name = Release;
		};
/* End XCBuildConfiguration section */

/* Begin XCConfigurationList section */
		AFDDE51E1AD9999A0011F519 /* Build configuration list for PBXProject "Stormy" */ = {
			isa = XCConfigurationList;
			buildConfigurations = (
				AFDDE5401AD9999A0011F519 /* Debug */,
				AFDDE5411AD9999A0011F519 /* Release */,
			);
			defaultConfigurationIsVisible = 0;
			defaultConfigurationName = Release;
		};
		AFDDE5421AD9999A0011F519 /* Build configuration list for PBXNativeTarget "Stormy" */ = {
			isa = XCConfigurationList;
			buildConfigurations = (
				AFDDE5431AD9999A0011F519 /* Debug */,
				AFDDE5441AD9999A0011F519 /* Release */,
			);
			defaultConfigurationIsVisible = 0;
		};
		AFDDE5451AD9999A0011F519 /* Build configuration list for PBXNativeTarget "StormyTests" */ = {
			isa = XCConfigurationList;
			buildConfigurations = (
				AFDDE5461AD9999A0011F519 /* Debug */,
				AFDDE5471AD9999A0011F519 /* Release */,
			);
			defaultConfigurationIsVisible = 0;
		};
/* End XCConfigurationList section */
	};
	rootObject = AFDDE51B1AD9999A0011F519 /* Project object */;
}
